
Microsoft Visual Studio Solution File, Format Version 12.00
# Visual Studio Version 16
VisualStudioVersion = 16.0.31702.278
MinimumVisualStudioVersion = 10.0.40219.1
Project("{FAE04EC0-301F-11D3-BF4B-00C04F79EFBC}") = "ServerChatApp_20190140004_FadhilahRizkySetiawan", "ServerChatApp_20190140004_FadhilahRizkySetiawan\ServerChatApp_20190140004_FadhilahRizkySetiawan.csproj", "{01158282-AD50-4CFB-8B73-CDA08CC2663E}"
EndProject
Global
	GlobalSection(SolutionConfigurationPlatforms) = preSolution
		Debug|Any CPU = Debug|Any CPU
		Release|Any CPU = Release|Any CPU
	EndGlobalSection
	GlobalSection(ProjectConfigurationPlatforms) = postSolution
		{01158282-AD50-4CFB-8B73-CDA08CC2663E}.Debug|Any CPU.ActiveCfg = Debug|Any CPU
		{01158282-AD50-4CFB-8B73-CDA08CC2663E}.Debug|Any CPU.Build.0 = Debug|Any CPU
		{01158282-AD50-4CFB-8B73-CDA08CC2663E}.Release|Any CPU.ActiveCfg = Release|Any CPU
		{01158282-AD50-4CFB-8B73-CDA08CC2663E}.Release|Any CPU.Build.0 = Release|Any CPU
	EndGlobalSection
	GlobalSection(SolutionProperties) = preSolution
		HideSolutionNode = FALSE
	EndGlobalSection
	GlobalSection(ExtensibilityGlobals) = postSolution
		SolutionGuid = {DB7A43C6-3BB6-4E95-8519-78897E368FB3}
	EndGlobalSection
EndGlobal
